
Microsoft Visual Studio Solution File, Format Version 12.00
# Visual Studio Version 16
VisualStudioVersion = 16.0.29911.84
MinimumVisualStudioVersion = 10.0.40219.1
Project("{FAE04EC0-301F-11D3-BF4B-00C04F79EFBC}") = "SignWithGoogle", "SignWithGoogle\SignWithGoogle.csproj", "{CDFAF1CE-826A-410B-861E-43E8A411B647}"
EndProject
Global
	GlobalSection(SolutionConfigurationPlatforms) = preSolution
		Debug|Any CPU = Debug|Any CPU
		Release|Any CPU = Release|Any CPU
	EndGlobalSection
	GlobalSection(ProjectConfigurationPlatforms) = postSolution
		{CDFAF1CE-826A-410B-861E-43E8A411B647}.Debug|Any CPU.ActiveCfg = Debug|Any CPU
		{CDFAF1CE-826A-410B-861E-43E8A411B647}.Debug|Any CPU.Build.0 = Debug|Any CPU
		{CDFAF1CE-826A-410B-861E-43E8A411B647}.Release|Any CPU.ActiveCfg = Release|Any CPU
		{CDFAF1CE-826A-410B-861E-43E8A411B647}.Release|Any CPU.Build.0 = Release|Any CPU
	EndGlobalSection
	GlobalSection(SolutionProperties) = preSolution
		HideSolutionNode = FALSE
	EndGlobalSection
	GlobalSection(ExtensibilityGlobals) = postSolution
		SolutionGuid = {C08C3473-AC78-49D4-8CAE-A951484046AE}
	EndGlobalSection
EndGlobal
